
Microsoft Visual Studio Solution File, Format Version 12.00
# Visual Studio Version 16
VisualStudioVersion = 16.0.29519.87
MinimumVisualStudioVersion = 10.0.40219.1
Project("{FAE04EC0-301F-11D3-BF4B-00C04F79EFBC}") = "NetromApp", "NetromApp\NetromApp.csproj", "{95B98B06-1ED8-4948-BDDF-E9F196EE00DF}"
EndProject
Global
	GlobalSection(SolutionConfigurationPlatforms) = preSolution
		Debug|Any CPU = Debug|Any CPU
		Release|Any CPU = Release|Any CPU
	EndGlobalSection
	GlobalSection(ProjectConfigurationPlatforms) = postSolution
		{95B98B06-1ED8-4948-BDDF-E9F196EE00DF}.Debug|Any CPU.ActiveCfg = Debug|Any CPU
		{95B98B06-1ED8-4948-BDDF-E9F196EE00DF}.Debug|Any CPU.Build.0 = Debug|Any CPU
		{95B98B06-1ED8-4948-BDDF-E9F196EE00DF}.Release|Any CPU.ActiveCfg = Release|Any CPU
		{95B98B06-1ED8-4948-BDDF-E9F196EE00DF}.Release|Any CPU.Build.0 = Release|Any CPU
	EndGlobalSection
	GlobalSection(SolutionProperties) = preSolution
		HideSolutionNode = FALSE
	EndGlobalSection
	GlobalSection(ExtensibilityGlobals) = postSolution
		SolutionGuid = {066DA710-D251-46BF-BE49-183C856BBD03}
	EndGlobalSection
EndGlobal
